
Microsoft Visual Studio Solution File, Format Version 12.00
# Visual Studio Version 17
VisualStudioVersion = 17.5.002.0
MinimumVisualStudioVersion = 10.0.40219.1
Project("{9A19103F-16F7-4668-BE54-9A1E7A4F7556}") = "Catedra1", "Catedra1\Catedra1.csproj", "{DCF44BC3-F799-4AB3-BF20-94191B3DD947}"
EndProject
Global
	GlobalSection(SolutionConfigurationPlatforms) = preSolution
		Debug|Any CPU = Debug|Any CPU
		Release|Any CPU = Release|Any CPU
	EndGlobalSection
	GlobalSection(ProjectConfigurationPlatforms) = postSolution
		{DCF44BC3-F799-4AB3-BF20-94191B3DD947}.Debug|Any CPU.ActiveCfg = Debug|Any CPU
		{DCF44BC3-F799-4AB3-BF20-94191B3DD947}.Debug|Any CPU.Build.0 = Debug|Any CPU
		{DCF44BC3-F799-4AB3-BF20-94191B3DD947}.Release|Any CPU.ActiveCfg = Release|Any CPU
		{DCF44BC3-F799-4AB3-BF20-94191B3DD947}.Release|Any CPU.Build.0 = Release|Any CPU
	EndGlobalSection
	GlobalSection(SolutionProperties) = preSolution
		HideSolutionNode = FALSE
	EndGlobalSection
	GlobalSection(ExtensibilityGlobals) = postSolution
		SolutionGuid = {791B6192-4B3C-4466-AB61-D0A8E68E82FF}
	EndGlobalSection
EndGlobal
